
Microsoft Visual Studio Solution File, Format Version 12.00
Project("{FAE04EC0-301F-11D3-BF4B-00C04F79EFBC}") = "KJX.Config", "KJX.Config\KJX.Config.csproj", "{9E34429E-4039-4E47-B275-353A92688C22}"
EndProject
Project("{FAE04EC0-301F-11D3-BF4B-00C04F79EFBC}") = "KJX.Core", "KJX.Core\KJX.Core.csproj", "{43DDB944-AE35-4216-ABBF-CCD90955BE47}"
EndProject
Project("{FAE04EC0-301F-11D3-BF4B-00C04F79EFBC}") = "KJX.Devices", "KJX.Devices\KJX.Devices.csproj", "{2E3CA85B-A130-491C-8492-5694B6F35F85}"
EndProject
Project("{FAE04EC0-301F-11D3-BF4B-00C04F79EFBC}") = "KJX.DevicesUI", "KJX.DevicesUI\KJX.DevicesUI.csproj", "{8201DFA9-9457-4186-A69F-DB64608044A5}"
EndProject
Project("{FAE04EC0-301F-11D3-BF4B-00C04F79EFBC}") = "KJX.ProjectTemplate.Control", "KJX.ProjectTemplate.Control\KJX.ProjectTemplate.Control.csproj", "{A82A3BCC-12C7-4789-8515-4352C059247E}"
EndProject
Project("{FAE04EC0-301F-11D3-BF4B-00C04F79EFBC}") = "KJX.ProjectTemplate.Engineering", "KJX.ProjectTemplate.Engineering\KJX.ProjectTemplate.Engineering.csproj", "{20706429-F8EF-4F56-984C-EF985BD067B5}"
EndProject
Project("{FAE04EC0-301F-11D3-BF4B-00C04F79EFBC}") = "KJX.Tests", "KJX.Tests\KJX.Tests.csproj", "{0925550B-CD28-4693-8D7E-1D2FA9B4B4B7}"
EndProject
Project("{2150E333-8FDC-42A3-9474-1A3956D46DE8}") = "Libraries", "Libraries", "{228D4225-08EB-4899-BCFC-7D352BC1046E}"
EndProject
Project("{2150E333-8FDC-42A3-9474-1A3956D46DE8}") = "Templates", "Templates", "{AB0154C3-90CF-42C8-86EF-93F63AD8B267}"
EndProject

Global
	GlobalSection(SolutionConfigurationPlatforms) = preSolution
		Debug|Any CPU = Debug|Any CPU
		Release|Any CPU = Release|Any CPU
	EndGlobalSection
	GlobalSection(ProjectConfigurationPlatforms) = postSolution
		{9E34429E-4039-4E47-B275-353A92688C22}.Debug|Any CPU.ActiveCfg = Debug|Any CPU
		{9E34429E-4039-4E47-B275-353A92688C22}.Debug|Any CPU.Build.0 = Debug|Any CPU
		{9E34429E-4039-4E47-B275-353A92688C22}.Release|Any CPU.ActiveCfg = Release|Any CPU
		{9E34429E-4039-4E47-B275-353A92688C22}.Release|Any CPU.Build.0 = Release|Any CPU
		{43DDB944-AE35-4216-ABBF-CCD90955BE47}.Debug|Any CPU.ActiveCfg = Debug|Any CPU
		{43DDB944-AE35-4216-ABBF-CCD90955BE47}.Debug|Any CPU.Build.0 = Debug|Any CPU
		{43DDB944-AE35-4216-ABBF-CCD90955BE47}.Release|Any CPU.ActiveCfg = Release|Any CPU
		{43DDB944-AE35-4216-ABBF-CCD90955BE47}.Release|Any CPU.Build.0 = Release|Any CPU
		{2E3CA85B-A130-491C-8492-5694B6F35F85}.Debug|Any CPU.ActiveCfg = Debug|Any CPU
		{2E3CA85B-A130-491C-8492-5694B6F35F85}.Debug|Any CPU.Build.0 = Debug|Any CPU
		{2E3CA85B-A130-491C-8492-5694B6F35F85}.Release|Any CPU.ActiveCfg = Release|Any CPU
		{2E3CA85B-A130-491C-8492-5694B6F35F85}.Release|Any CPU.Build.0 = Release|Any CPU
		{8201DFA9-9457-4186-A69F-DB64608044A5}.Debug|Any CPU.ActiveCfg = Debug|Any CPU
		{8201DFA9-9457-4186-A69F-DB64608044A5}.Debug|Any CPU.Build.0 = Debug|Any CPU
		{8201DFA9-9457-4186-A69F-DB64608044A5}.Release|Any CPU.ActiveCfg = Release|Any CPU
		{8201DFA9-9457-4186-A69F-DB64608044A5}.Release|Any CPU.Build.0 = Release|Any CPU
		{A82A3BCC-12C7-4789-8515-4352C059247E}.Debug|Any CPU.ActiveCfg = Debug|Any CPU
		{A82A3BCC-12C7-4789-8515-4352C059247E}.Debug|Any CPU.Build.0 = Debug|Any CPU
		{A82A3BCC-12C7-4789-8515-4352C059247E}.Release|Any CPU.ActiveCfg = Release|Any CPU
		{A82A3BCC-12C7-4789-8515-4352C059247E}.Release|Any CPU.Build.0 = Release|Any CPU
		{20706429-F8EF-4F56-984C-EF985BD067B5}.Debug|Any CPU.ActiveCfg = Debug|Any CPU
		{20706429-F8EF-4F56-984C-EF985BD067B5}.Debug|Any CPU.Build.0 = Debug|Any CPU
		{20706429-F8EF-4F56-984C-EF985BD067B5}.Release|Any CPU.ActiveCfg = Release|Any CPU
		{20706429-F8EF-4F56-984C-EF985BD067B5}.Release|Any CPU.Build.0 = Release|Any CPU
		{0925550B-CD28-4693-8D7E-1D2FA9B4B4B7}.Debug|Any CPU.ActiveCfg = Debug|Any CPU
		{0925550B-CD28-4693-8D7E-1D2FA9B4B4B7}.Debug|Any CPU.Build.0 = Debug|Any CPU
		{0925550B-CD28-4693-8D7E-1D2FA9B4B4B7}.Release|Any CPU.ActiveCfg = Release|Any CPU
		{0925550B-CD28-4693-8D7E-1D2FA9B4B4B7}.Release|Any CPU.Build.0 = Release|Any CPU
	EndGlobalSection
	GlobalSection(NestedProjects) = preSolution
		{9E34429E-4039-4E47-B275-353A92688C22} = {228D4225-08EB-4899-BCFC-7D352BC1046E}
		{43DDB944-AE35-4216-ABBF-CCD90955BE47} = {228D4225-08EB-4899-BCFC-7D352BC1046E}
		{2E3CA85B-A130-491C-8492-5694B6F35F85} = {228D4225-08EB-4899-BCFC-7D352BC1046E}
		{8201DFA9-9457-4186-A69F-DB64608044A5} = {228D4225-08EB-4899-BCFC-7D352BC1046E}
		{0925550B-CD28-4693-8D7E-1D2FA9B4B4B7} = {228D4225-08EB-4899-BCFC-7D352BC1046E}
		{A82A3BCC-12C7-4789-8515-4352C059247E} = {AB0154C3-90CF-42C8-86EF-93F63AD8B267}
		{20706429-F8EF-4F56-984C-EF985BD067B5} = {AB0154C3-90CF-42C8-86EF-93F63AD8B267}
	EndGlobalSection
EndGlobal
