
Microsoft Visual Studio Solution File, Format Version 12.00
Project("{FAE04EC0-301F-11D3-BF4B-00C04F79EFBC}") = "KJX.ProjectTemplate.Control", "KJX.ProjectTemplate.Control\KJX.ProjectTemplate.Control.csproj", "{A82A3BCC-12C7-4789-8515-4352C059247E}"
EndProject
Project("{FAE04EC0-301F-11D3-BF4B-00C04F79EFBC}") = "KJX.ProjectTemplate.Engineering", "KJX.ProjectTemplate.Engineering\KJX.ProjectTemplate.Engineering.csproj", "{20706429-F8EF-4F56-984C-EF985BD067B5}"
EndProject
Project("{FAE04EC0-301F-11D3-BF4B-00C04F79EFBC}") = "KJX.Tests", "KJX.Tests\KJX.Tests.csproj", "{0925550B-CD28-4693-8D7E-1D2FA9B4B4B7}"
EndProject
Project("{FAE04EC0-301F-11D3-BF4B-00C04F79EFBC}") = "KJX.Config", "Lib\KJX.Config\KJX.Config.csproj", "{E44E138B-1604-454A-80EB-7CF26358D5E2}"
EndProject
Project("{FAE04EC0-301F-11D3-BF4B-00C04F79EFBC}") = "KJX.Core", "Lib\KJX.Core\KJX.Core.csproj", "{52008674-1FAE-4439-BEAC-61556329C447}"
EndProject
Project("{FAE04EC0-301F-11D3-BF4B-00C04F79EFBC}") = "KJX.Devices", "Lib\KJX.Devices\KJX.Devices.csproj", "{F47DF394-6650-4073-BBB6-8FDB21F45ACE}"
EndProject
Project("{FAE04EC0-301F-11D3-BF4B-00C04F79EFBC}") = "KJX.DevicesUI", "Lib\KJX.DevicesUI\KJX.DevicesUI.csproj", "{00A92946-586A-4EFA-8202-BDDD9D141B37}"
EndProject
Project("{2150E333-8FDC-42A3-9474-1A3956D46DE8}") = "Lib", "Lib", "{3A8DF596-E814-FECC-DD4B-D8EF8AAC1A0D}"
EndProject
Project("{FAE04EC0-301F-11D3-BF4B-00C04F79EFBC}") = "KJX.Scripting", "Lib\KJX.Scripting\KJX.Scripting.csproj", "{1758AD3D-2F02-4867-B069-711C827FB2A4}"
EndProject
Project("{FAE04EC0-301F-11D3-BF4B-00C04F79EFBC}") = "KJX.Scripting.Analyzer", "Lib\KJX.Scripting.Analyzer\KJX.Scripting.Analyzer.csproj", "{C617483F-2E05-45CB-985D-3AB32EBE4F93}"
EndProject
Project("{FAE04EC0-301F-11D3-BF4B-00C04F79EFBC}") = "KJX.Scripting.Tests", "KJX.Scripting.Tests\KJX.Scripting.Tests.csproj", "{B0A31779-C1E4-4687-822C-405B69DD3C22}"
EndProject
Project("{FAE04EC0-301F-11D3-BF4B-00C04F79EFBC}") = "KJX.Scripting.Runtime", "Lib\KJX.Scripting.Runtime\KJX.Scripting.Runtime.csproj", "{AA5D1304-E671-48D9-8134-28CE4C6F2A26}"
EndProject
Project("{FAE04EC0-301F-11D3-BF4B-00C04F79EFBC}") = "KJX.Scripting.Codegen", "Lib\KJX.Scripting.Codegen\KJX.Scripting.Codegen.csproj", "{79C443CC-CE60-4993-B46B-688EDB48107D}"
EndProject
Project("{FAE04EC0-301F-11D3-BF4B-00C04F79EFBC}") = "KJX.Scripting.Rpc", "Lib\KJX.Scripting.Rpc\KJX.Scripting.Rpc.csproj", "{D2706737-3FF9-4F42-98DA-CB98C34DD7E5}"
EndProject
Global
	GlobalSection(SolutionConfigurationPlatforms) = preSolution
		Debug|Any CPU = Debug|Any CPU
		Debug|x64 = Debug|x64
		Debug|x86 = Debug|x86
		Release|Any CPU = Release|Any CPU
		Release|x64 = Release|x64
		Release|x86 = Release|x86
	EndGlobalSection
	GlobalSection(ProjectConfigurationPlatforms) = postSolution
		{A82A3BCC-12C7-4789-8515-4352C059247E}.Debug|Any CPU.ActiveCfg = Debug|Any CPU
		{A82A3BCC-12C7-4789-8515-4352C059247E}.Debug|Any CPU.Build.0 = Debug|Any CPU
		{A82A3BCC-12C7-4789-8515-4352C059247E}.Debug|x64.ActiveCfg = Debug|Any CPU
		{A82A3BCC-12C7-4789-8515-4352C059247E}.Debug|x64.Build.0 = Debug|Any CPU
		{A82A3BCC-12C7-4789-8515-4352C059247E}.Debug|x86.ActiveCfg = Debug|Any CPU
		{A82A3BCC-12C7-4789-8515-4352C059247E}.Debug|x86.Build.0 = Debug|Any CPU
		{A82A3BCC-12C7-4789-8515-4352C059247E}.Release|Any CPU.ActiveCfg = Release|Any CPU
		{A82A3BCC-12C7-4789-8515-4352C059247E}.Release|Any CPU.Build.0 = Release|Any CPU
		{A82A3BCC-12C7-4789-8515-4352C059247E}.Release|x64.ActiveCfg = Release|Any CPU
		{A82A3BCC-12C7-4789-8515-4352C059247E}.Release|x64.Build.0 = Release|Any CPU
		{A82A3BCC-12C7-4789-8515-4352C059247E}.Release|x86.ActiveCfg = Release|Any CPU
		{A82A3BCC-12C7-4789-8515-4352C059247E}.Release|x86.Build.0 = Release|Any CPU
		{20706429-F8EF-4F56-984C-EF985BD067B5}.Debug|Any CPU.ActiveCfg = Debug|Any CPU
		{20706429-F8EF-4F56-984C-EF985BD067B5}.Debug|Any CPU.Build.0 = Debug|Any CPU
		{20706429-F8EF-4F56-984C-EF985BD067B5}.Debug|x64.ActiveCfg = Debug|Any CPU
		{20706429-F8EF-4F56-984C-EF985BD067B5}.Debug|x64.Build.0 = Debug|Any CPU
		{20706429-F8EF-4F56-984C-EF985BD067B5}.Debug|x86.ActiveCfg = Debug|Any CPU
		{20706429-F8EF-4F56-984C-EF985BD067B5}.Debug|x86.Build.0 = Debug|Any CPU
		{20706429-F8EF-4F56-984C-EF985BD067B5}.Release|Any CPU.ActiveCfg = Release|Any CPU
		{20706429-F8EF-4F56-984C-EF985BD067B5}.Release|Any CPU.Build.0 = Release|Any CPU
		{20706429-F8EF-4F56-984C-EF985BD067B5}.Release|x64.ActiveCfg = Release|Any CPU
		{20706429-F8EF-4F56-984C-EF985BD067B5}.Release|x64.Build.0 = Release|Any CPU
		{20706429-F8EF-4F56-984C-EF985BD067B5}.Release|x86.ActiveCfg = Release|Any CPU
		{20706429-F8EF-4F56-984C-EF985BD067B5}.Release|x86.Build.0 = Release|Any CPU
		{0925550B-CD28-4693-8D7E-1D2FA9B4B4B7}.Debug|Any CPU.ActiveCfg = Debug|Any CPU
		{0925550B-CD28-4693-8D7E-1D2FA9B4B4B7}.Debug|Any CPU.Build.0 = Debug|Any CPU
		{0925550B-CD28-4693-8D7E-1D2FA9B4B4B7}.Debug|x64.ActiveCfg = Debug|Any CPU
		{0925550B-CD28-4693-8D7E-1D2FA9B4B4B7}.Debug|x64.Build.0 = Debug|Any CPU
		{0925550B-CD28-4693-8D7E-1D2FA9B4B4B7}.Debug|x86.ActiveCfg = Debug|Any CPU
		{0925550B-CD28-4693-8D7E-1D2FA9B4B4B7}.Debug|x86.Build.0 = Debug|Any CPU
		{0925550B-CD28-4693-8D7E-1D2FA9B4B4B7}.Release|Any CPU.ActiveCfg = Release|Any CPU
		{0925550B-CD28-4693-8D7E-1D2FA9B4B4B7}.Release|Any CPU.Build.0 = Release|Any CPU
		{0925550B-CD28-4693-8D7E-1D2FA9B4B4B7}.Release|x64.ActiveCfg = Release|Any CPU
		{0925550B-CD28-4693-8D7E-1D2FA9B4B4B7}.Release|x64.Build.0 = Release|Any CPU
		{0925550B-CD28-4693-8D7E-1D2FA9B4B4B7}.Release|x86.ActiveCfg = Release|Any CPU
		{0925550B-CD28-4693-8D7E-1D2FA9B4B4B7}.Release|x86.Build.0 = Release|Any CPU
		{E44E138B-1604-454A-80EB-7CF26358D5E2}.Debug|Any CPU.ActiveCfg = Debug|Any CPU
		{E44E138B-1604-454A-80EB-7CF26358D5E2}.Debug|Any CPU.Build.0 = Debug|Any CPU
		{E44E138B-1604-454A-80EB-7CF26358D5E2}.Debug|x64.ActiveCfg = Debug|Any CPU
		{E44E138B-1604-454A-80EB-7CF26358D5E2}.Debug|x64.Build.0 = Debug|Any CPU
		{E44E138B-1604-454A-80EB-7CF26358D5E2}.Debug|x86.ActiveCfg = Debug|Any CPU
		{E44E138B-1604-454A-80EB-7CF26358D5E2}.Debug|x86.Build.0 = Debug|Any CPU
		{E44E138B-1604-454A-80EB-7CF26358D5E2}.Release|Any CPU.ActiveCfg = Release|Any CPU
		{E44E138B-1604-454A-80EB-7CF26358D5E2}.Release|Any CPU.Build.0 = Release|Any CPU
		{E44E138B-1604-454A-80EB-7CF26358D5E2}.Release|x64.ActiveCfg = Release|Any CPU
		{E44E138B-1604-454A-80EB-7CF26358D5E2}.Release|x64.Build.0 = Release|Any CPU
		{E44E138B-1604-454A-80EB-7CF26358D5E2}.Release|x86.ActiveCfg = Release|Any CPU
		{E44E138B-1604-454A-80EB-7CF26358D5E2}.Release|x86.Build.0 = Release|Any CPU
		{52008674-1FAE-4439-BEAC-61556329C447}.Debug|Any CPU.ActiveCfg = Debug|Any CPU
		{52008674-1FAE-4439-BEAC-61556329C447}.Debug|Any CPU.Build.0 = Debug|Any CPU
		{52008674-1FAE-4439-BEAC-61556329C447}.Debug|x64.ActiveCfg = Debug|Any CPU
		{52008674-1FAE-4439-BEAC-61556329C447}.Debug|x64.Build.0 = Debug|Any CPU
		{52008674-1FAE-4439-BEAC-61556329C447}.Debug|x86.ActiveCfg = Debug|Any CPU
		{52008674-1FAE-4439-BEAC-61556329C447}.Debug|x86.Build.0 = Debug|Any CPU
		{52008674-1FAE-4439-BEAC-61556329C447}.Release|Any CPU.ActiveCfg = Release|Any CPU
		{52008674-1FAE-4439-BEAC-61556329C447}.Release|Any CPU.Build.0 = Release|Any CPU
		{52008674-1FAE-4439-BEAC-61556329C447}.Release|x64.ActiveCfg = Release|Any CPU
		{52008674-1FAE-4439-BEAC-61556329C447}.Release|x64.Build.0 = Release|Any CPU
		{52008674-1FAE-4439-BEAC-61556329C447}.Release|x86.ActiveCfg = Release|Any CPU
		{52008674-1FAE-4439-BEAC-61556329C447}.Release|x86.Build.0 = Release|Any CPU
		{F47DF394-6650-4073-BBB6-8FDB21F45ACE}.Debug|Any CPU.ActiveCfg = Debug|Any CPU
		{F47DF394-6650-4073-BBB6-8FDB21F45ACE}.Debug|Any CPU.Build.0 = Debug|Any CPU
		{F47DF394-6650-4073-BBB6-8FDB21F45ACE}.Debug|x64.ActiveCfg = Debug|Any CPU
		{F47DF394-6650-4073-BBB6-8FDB21F45ACE}.Debug|x64.Build.0 = Debug|Any CPU
		{F47DF394-6650-4073-BBB6-8FDB21F45ACE}.Debug|x86.ActiveCfg = Debug|Any CPU
		{F47DF394-6650-4073-BBB6-8FDB21F45ACE}.Debug|x86.Build.0 = Debug|Any CPU
		{F47DF394-6650-4073-BBB6-8FDB21F45ACE}.Release|Any CPU.ActiveCfg = Release|Any CPU
		{F47DF394-6650-4073-BBB6-8FDB21F45ACE}.Release|Any CPU.Build.0 = Release|Any CPU
		{F47DF394-6650-4073-BBB6-8FDB21F45ACE}.Release|x64.ActiveCfg = Release|Any CPU
		{F47DF394-6650-4073-BBB6-8FDB21F45ACE}.Release|x64.Build.0 = Release|Any CPU
		{F47DF394-6650-4073-BBB6-8FDB21F45ACE}.Release|x86.ActiveCfg = Release|Any CPU
		{F47DF394-6650-4073-BBB6-8FDB21F45ACE}.Release|x86.Build.0 = Release|Any CPU
		{00A92946-586A-4EFA-8202-BDDD9D141B37}.Debug|Any CPU.ActiveCfg = Debug|Any CPU
		{00A92946-586A-4EFA-8202-BDDD9D141B37}.Debug|Any CPU.Build.0 = Debug|Any CPU
		{00A92946-586A-4EFA-8202-BDDD9D141B37}.Debug|x64.ActiveCfg = Debug|Any CPU
		{00A92946-586A-4EFA-8202-BDDD9D141B37}.Debug|x64.Build.0 = Debug|Any CPU
		{00A92946-586A-4EFA-8202-BDDD9D141B37}.Debug|x86.ActiveCfg = Debug|Any CPU
		{00A92946-586A-4EFA-8202-BDDD9D141B37}.Debug|x86.Build.0 = Debug|Any CPU
		{00A92946-586A-4EFA-8202-BDDD9D141B37}.Release|Any CPU.ActiveCfg = Release|Any CPU
		{00A92946-586A-4EFA-8202-BDDD9D141B37}.Release|Any CPU.Build.0 = Release|Any CPU
		{00A92946-586A-4EFA-8202-BDDD9D141B37}.Release|x64.ActiveCfg = Release|Any CPU
		{00A92946-586A-4EFA-8202-BDDD9D141B37}.Release|x64.Build.0 = Release|Any CPU
		{00A92946-586A-4EFA-8202-BDDD9D141B37}.Release|x86.ActiveCfg = Release|Any CPU
		{00A92946-586A-4EFA-8202-BDDD9D141B37}.Release|x86.Build.0 = Release|Any CPU
		{1758AD3D-2F02-4867-B069-711C827FB2A4}.Debug|Any CPU.ActiveCfg = Debug|Any CPU
		{1758AD3D-2F02-4867-B069-711C827FB2A4}.Debug|Any CPU.Build.0 = Debug|Any CPU
		{1758AD3D-2F02-4867-B069-711C827FB2A4}.Debug|x64.ActiveCfg = Debug|Any CPU
		{1758AD3D-2F02-4867-B069-711C827FB2A4}.Debug|x64.Build.0 = Debug|Any CPU
		{1758AD3D-2F02-4867-B069-711C827FB2A4}.Debug|x86.ActiveCfg = Debug|Any CPU
		{1758AD3D-2F02-4867-B069-711C827FB2A4}.Debug|x86.Build.0 = Debug|Any CPU
		{1758AD3D-2F02-4867-B069-711C827FB2A4}.Release|Any CPU.ActiveCfg = Release|Any CPU
		{1758AD3D-2F02-4867-B069-711C827FB2A4}.Release|Any CPU.Build.0 = Release|Any CPU
		{1758AD3D-2F02-4867-B069-711C827FB2A4}.Release|x64.ActiveCfg = Release|Any CPU
		{1758AD3D-2F02-4867-B069-711C827FB2A4}.Release|x64.Build.0 = Release|Any CPU
		{1758AD3D-2F02-4867-B069-711C827FB2A4}.Release|x86.ActiveCfg = Release|Any CPU
		{1758AD3D-2F02-4867-B069-711C827FB2A4}.Release|x86.Build.0 = Release|Any CPU
		{C617483F-2E05-45CB-985D-3AB32EBE4F93}.Debug|Any CPU.ActiveCfg = Debug|Any CPU
		{C617483F-2E05-45CB-985D-3AB32EBE4F93}.Debug|Any CPU.Build.0 = Debug|Any CPU
		{C617483F-2E05-45CB-985D-3AB32EBE4F93}.Debug|x64.ActiveCfg = Debug|Any CPU
		{C617483F-2E05-45CB-985D-3AB32EBE4F93}.Debug|x64.Build.0 = Debug|Any CPU
		{C617483F-2E05-45CB-985D-3AB32EBE4F93}.Debug|x86.ActiveCfg = Debug|Any CPU
		{C617483F-2E05-45CB-985D-3AB32EBE4F93}.Debug|x86.Build.0 = Debug|Any CPU
		{C617483F-2E05-45CB-985D-3AB32EBE4F93}.Release|Any CPU.ActiveCfg = Release|Any CPU
		{C617483F-2E05-45CB-985D-3AB32EBE4F93}.Release|Any CPU.Build.0 = Release|Any CPU
		{C617483F-2E05-45CB-985D-3AB32EBE4F93}.Release|x64.ActiveCfg = Release|Any CPU
		{C617483F-2E05-45CB-985D-3AB32EBE4F93}.Release|x64.Build.0 = Release|Any CPU
		{C617483F-2E05-45CB-985D-3AB32EBE4F93}.Release|x86.ActiveCfg = Release|Any CPU
		{C617483F-2E05-45CB-985D-3AB32EBE4F93}.Release|x86.Build.0 = Release|Any CPU
		{B0A31779-C1E4-4687-822C-405B69DD3C22}.Debug|Any CPU.ActiveCfg = Debug|Any CPU
		{B0A31779-C1E4-4687-822C-405B69DD3C22}.Debug|Any CPU.Build.0 = Debug|Any CPU
		{B0A31779-C1E4-4687-822C-405B69DD3C22}.Debug|x64.ActiveCfg = Debug|Any CPU
		{B0A31779-C1E4-4687-822C-405B69DD3C22}.Debug|x64.Build.0 = Debug|Any CPU
		{B0A31779-C1E4-4687-822C-405B69DD3C22}.Debug|x86.ActiveCfg = Debug|Any CPU
		{B0A31779-C1E4-4687-822C-405B69DD3C22}.Debug|x86.Build.0 = Debug|Any CPU
		{B0A31779-C1E4-4687-822C-405B69DD3C22}.Release|Any CPU.ActiveCfg = Release|Any CPU
		{B0A31779-C1E4-4687-822C-405B69DD3C22}.Release|Any CPU.Build.0 = Release|Any CPU
		{B0A31779-C1E4-4687-822C-405B69DD3C22}.Release|x64.ActiveCfg = Release|Any CPU
		{B0A31779-C1E4-4687-822C-405B69DD3C22}.Release|x64.Build.0 = Release|Any CPU
		{B0A31779-C1E4-4687-822C-405B69DD3C22}.Release|x86.ActiveCfg = Release|Any CPU
		{B0A31779-C1E4-4687-822C-405B69DD3C22}.Release|x86.Build.0 = Release|Any CPU
		{AA5D1304-E671-48D9-8134-28CE4C6F2A26}.Debug|Any CPU.ActiveCfg = Debug|Any CPU
		{AA5D1304-E671-48D9-8134-28CE4C6F2A26}.Debug|Any CPU.Build.0 = Debug|Any CPU
		{AA5D1304-E671-48D9-8134-28CE4C6F2A26}.Debug|x64.ActiveCfg = Debug|Any CPU
		{AA5D1304-E671-48D9-8134-28CE4C6F2A26}.Debug|x64.Build.0 = Debug|Any CPU
		{AA5D1304-E671-48D9-8134-28CE4C6F2A26}.Debug|x86.ActiveCfg = Debug|Any CPU
		{AA5D1304-E671-48D9-8134-28CE4C6F2A26}.Debug|x86.Build.0 = Debug|Any CPU
		{AA5D1304-E671-48D9-8134-28CE4C6F2A26}.Release|Any CPU.ActiveCfg = Release|Any CPU
		{AA5D1304-E671-48D9-8134-28CE4C6F2A26}.Release|Any CPU.Build.0 = Release|Any CPU
		{AA5D1304-E671-48D9-8134-28CE4C6F2A26}.Release|x64.ActiveCfg = Release|Any CPU
		{AA5D1304-E671-48D9-8134-28CE4C6F2A26}.Release|x64.Build.0 = Release|Any CPU
		{AA5D1304-E671-48D9-8134-28CE4C6F2A26}.Release|x86.ActiveCfg = Release|Any CPU
		{AA5D1304-E671-48D9-8134-28CE4C6F2A26}.Release|x86.Build.0 = Release|Any CPU
		{79C443CC-CE60-4993-B46B-688EDB48107D}.Debug|Any CPU.ActiveCfg = Debug|Any CPU
		{79C443CC-CE60-4993-B46B-688EDB48107D}.Debug|Any CPU.Build.0 = Debug|Any CPU
		{79C443CC-CE60-4993-B46B-688EDB48107D}.Debug|x64.ActiveCfg = Debug|Any CPU
		{79C443CC-CE60-4993-B46B-688EDB48107D}.Debug|x64.Build.0 = Debug|Any CPU
		{79C443CC-CE60-4993-B46B-688EDB48107D}.Debug|x86.ActiveCfg = Debug|Any CPU
		{79C443CC-CE60-4993-B46B-688EDB48107D}.Debug|x86.Build.0 = Debug|Any CPU
		{79C443CC-CE60-4993-B46B-688EDB48107D}.Release|Any CPU.ActiveCfg = Release|Any CPU
		{79C443CC-CE60-4993-B46B-688EDB48107D}.Release|Any CPU.Build.0 = Release|Any CPU
		{79C443CC-CE60-4993-B46B-688EDB48107D}.Release|x64.ActiveCfg = Release|Any CPU
		{79C443CC-CE60-4993-B46B-688EDB48107D}.Release|x64.Build.0 = Release|Any CPU
		{79C443CC-CE60-4993-B46B-688EDB48107D}.Release|x86.ActiveCfg = Release|Any CPU
		{79C443CC-CE60-4993-B46B-688EDB48107D}.Release|x86.Build.0 = Release|Any CPU
		{D2706737-3FF9-4F42-98DA-CB98C34DD7E5}.Debug|Any CPU.ActiveCfg = Debug|Any CPU
		{D2706737-3FF9-4F42-98DA-CB98C34DD7E5}.Debug|Any CPU.Build.0 = Debug|Any CPU
		{D2706737-3FF9-4F42-98DA-CB98C34DD7E5}.Debug|x64.ActiveCfg = Debug|Any CPU
		{D2706737-3FF9-4F42-98DA-CB98C34DD7E5}.Debug|x64.Build.0 = Debug|Any CPU
		{D2706737-3FF9-4F42-98DA-CB98C34DD7E5}.Debug|x86.ActiveCfg = Debug|Any CPU
		{D2706737-3FF9-4F42-98DA-CB98C34DD7E5}.Debug|x86.Build.0 = Debug|Any CPU
		{D2706737-3FF9-4F42-98DA-CB98C34DD7E5}.Release|Any CPU.ActiveCfg = Release|Any CPU
		{D2706737-3FF9-4F42-98DA-CB98C34DD7E5}.Release|Any CPU.Build.0 = Release|Any CPU
		{D2706737-3FF9-4F42-98DA-CB98C34DD7E5}.Release|x64.ActiveCfg = Release|Any CPU
		{D2706737-3FF9-4F42-98DA-CB98C34DD7E5}.Release|x64.Build.0 = Release|Any CPU
		{D2706737-3FF9-4F42-98DA-CB98C34DD7E5}.Release|x86.ActiveCfg = Release|Any CPU
		{D2706737-3FF9-4F42-98DA-CB98C34DD7E5}.Release|x86.Build.0 = Release|Any CPU
	EndGlobalSection
	GlobalSection(SolutionProperties) = preSolution
		HideSolutionNode = FALSE
	EndGlobalSection
	GlobalSection(NestedProjects) = preSolution
		{E44E138B-1604-454A-80EB-7CF26358D5E2} = {3A8DF596-E814-FECC-DD4B-D8EF8AAC1A0D}
		{52008674-1FAE-4439-BEAC-61556329C447} = {3A8DF596-E814-FECC-DD4B-D8EF8AAC1A0D}
		{F47DF394-6650-4073-BBB6-8FDB21F45ACE} = {3A8DF596-E814-FECC-DD4B-D8EF8AAC1A0D}
		{00A92946-586A-4EFA-8202-BDDD9D141B37} = {3A8DF596-E814-FECC-DD4B-D8EF8AAC1A0D}
		{1758AD3D-2F02-4867-B069-711C827FB2A4} = {3A8DF596-E814-FECC-DD4B-D8EF8AAC1A0D}
		{C617483F-2E05-45CB-985D-3AB32EBE4F93} = {3A8DF596-E814-FECC-DD4B-D8EF8AAC1A0D}
		{AA5D1304-E671-48D9-8134-28CE4C6F2A26} = {3A8DF596-E814-FECC-DD4B-D8EF8AAC1A0D}
		{79C443CC-CE60-4993-B46B-688EDB48107D} = {3A8DF596-E814-FECC-DD4B-D8EF8AAC1A0D}
		{D2706737-3FF9-4F42-98DA-CB98C34DD7E5} = {3A8DF596-E814-FECC-DD4B-D8EF8AAC1A0D}
	EndGlobalSection
EndGlobal
